
Microsoft Visual Studio Solution File, Format Version 12.00
# Visual Studio Version 17
VisualStudioVersion = 17.14.36915.13
MinimumVisualStudioVersion = 10.0.40219.1
Project("{2150E333-8FDC-42A3-9474-1A3956D46DE8}") = "src", "src", "{02EA681E-C7D8-13C7-8484-4AC65E1B71E8}"
EndProject
Project("{2150E333-8FDC-42A3-9474-1A3956D46DE8}") = "UserService", "UserService", "{37525AA5-1C22-4630-9745-D3337B556E1D}"
EndProject
Project("{FAE04EC0-301F-11D3-BF4B-00C04F79EFBC}") = "UserService.Domain", "src\UserService\Domain\UserService.Domain.csproj", "{866A5C70-1A7D-45E9-820F-D3596E5CA458}"
EndProject
Project("{FAE04EC0-301F-11D3-BF4B-00C04F79EFBC}") = "UserService.Infrastructure", "src\UserService\Infrastructure\UserService.Infrastructure.csproj", "{41B08476-086A-4074-BB5F-269B402C74A2}"
EndProject
Project("{FAE04EC0-301F-11D3-BF4B-00C04F79EFBC}") = "UserService.Application", "src\UserService\Application\UserService.Application.csproj", "{0C6E4C4A-559A-49B9-802E-86EA0A7CB8E2}"
EndProject
Project("{FAE04EC0-301F-11D3-BF4B-00C04F79EFBC}") = "UserService.API", "src\UserService\API\UserService.API.csproj", "{41070338-54D7-436F-9EE8-CBA19E317232}"
EndProject
Project("{2150E333-8FDC-42A3-9474-1A3956D46DE8}") = "FinanceService", "FinanceService", "{5E365126-A200-40F0-8F8E-D7393B43A38C}"
EndProject
Project("{FAE04EC0-301F-11D3-BF4B-00C04F79EFBC}") = "FinanceService.Domain", "src\FinanceService\Domain\FinanceService.Domain.csproj", "{E6C5707D-3FD0-4763-9B45-49DABD66A37C}"
EndProject
Project("{FAE04EC0-301F-11D3-BF4B-00C04F79EFBC}") = "FinanceService.Application", "src\FinanceService\Application\FinanceService.Application.csproj", "{C5A41BEB-A69B-4761-9AF8-097C40AB6454}"
EndProject
Project("{FAE04EC0-301F-11D3-BF4B-00C04F79EFBC}") = "FinanceService.Infrastructure", "src\FinanceService\Infrastructure\FinanceService.Infrastructure.csproj", "{ACBACB87-25D8-40FC-95D6-6AA1E4CEDD44}"
EndProject
Project("{FAE04EC0-301F-11D3-BF4B-00C04F79EFBC}") = "FinanceService.API", "src\FinanceService\API\FinanceService.API.csproj", "{A5BB8A59-2362-4316-B118-84AC3E7077CB}"
EndProject
Project("{2150E333-8FDC-42A3-9474-1A3956D46DE8}") = "CurrencyUpdaterService", "CurrencyUpdaterService", "{C4CF7948-5400-48D2-B1EC-22ECB7079D34}"
EndProject
Project("{FAE04EC0-301F-11D3-BF4B-00C04F79EFBC}") = "CurrencyUpdaterService.Infrastructure", "src\CurrencyUpdaterService\Infrastructure\CurrencyUpdaterService.Infrastructure.csproj", "{77D821EC-8DF7-4452-B0FB-A8A4A3345E9F}"
EndProject
Project("{FAE04EC0-301F-11D3-BF4B-00C04F79EFBC}") = "CurrencyUpdaterService.Worker", "src\CurrencyUpdaterService\Worker\CurrencyUpdaterService.Worker.csproj", "{A4E85E5D-056F-4EEC-BB10-D36FD1F1CBBC}"
EndProject
Project("{FAE04EC0-301F-11D3-BF4B-00C04F79EFBC}") = "MigrationService", "src\MigrationService\MigrationService.csproj", "{6D8922CC-AB73-4E7E-8C2D-AB103AF3E2B4}"
EndProject
Project("{FAE04EC0-301F-11D3-BF4B-00C04F79EFBC}") = "ApiGateway", "src\ApiGateway\ApiGateway.csproj", "{22C650F5-C502-4693-A880-F05FFF75657B}"
EndProject
Project("{2150E333-8FDC-42A3-9474-1A3956D46DE8}") = "tests", "tests", "{6A9FA9C3-0F8B-4F62-94E1-524AE39B5947}"
EndProject
Project("{FAE04EC0-301F-11D3-BF4B-00C04F79EFBC}") = "UserService.Tests", "tests\UserService.Tests\UserService.Tests.csproj", "{E41B3BAB-B8F4-4A77-A7CC-E44978466394}"
EndProject
Project("{FAE04EC0-301F-11D3-BF4B-00C04F79EFBC}") = "FinanceService.Tests", "tests\FinanceService.Tests\FinanceService.Tests.csproj", "{737E9FA4-A9EE-4DF2-9124-1886DAE526F5}"
EndProject
Global
	GlobalSection(SolutionConfigurationPlatforms) = preSolution
		Debug|Any CPU = Debug|Any CPU
		Release|Any CPU = Release|Any CPU
	EndGlobalSection
	GlobalSection(ProjectConfigurationPlatforms) = postSolution
		{866A5C70-1A7D-45E9-820F-D3596E5CA458}.Debug|Any CPU.ActiveCfg = Debug|Any CPU
		{866A5C70-1A7D-45E9-820F-D3596E5CA458}.Debug|Any CPU.Build.0 = Debug|Any CPU
		{866A5C70-1A7D-45E9-820F-D3596E5CA458}.Release|Any CPU.ActiveCfg = Release|Any CPU
		{866A5C70-1A7D-45E9-820F-D3596E5CA458}.Release|Any CPU.Build.0 = Release|Any CPU
		{41B08476-086A-4074-BB5F-269B402C74A2}.Debug|Any CPU.ActiveCfg = Debug|Any CPU
		{41B08476-086A-4074-BB5F-269B402C74A2}.Debug|Any CPU.Build.0 = Debug|Any CPU
		{41B08476-086A-4074-BB5F-269B402C74A2}.Release|Any CPU.ActiveCfg = Release|Any CPU
		{41B08476-086A-4074-BB5F-269B402C74A2}.Release|Any CPU.Build.0 = Release|Any CPU
		{0C6E4C4A-559A-49B9-802E-86EA0A7CB8E2}.Debug|Any CPU.ActiveCfg = Debug|Any CPU
		{0C6E4C4A-559A-49B9-802E-86EA0A7CB8E2}.Debug|Any CPU.Build.0 = Debug|Any CPU
		{0C6E4C4A-559A-49B9-802E-86EA0A7CB8E2}.Release|Any CPU.ActiveCfg = Release|Any CPU
		{0C6E4C4A-559A-49B9-802E-86EA0A7CB8E2}.Release|Any CPU.Build.0 = Release|Any CPU
		{41070338-54D7-436F-9EE8-CBA19E317232}.Debug|Any CPU.ActiveCfg = Debug|Any CPU
		{41070338-54D7-436F-9EE8-CBA19E317232}.Debug|Any CPU.Build.0 = Debug|Any CPU
		{41070338-54D7-436F-9EE8-CBA19E317232}.Release|Any CPU.ActiveCfg = Release|Any CPU
		{41070338-54D7-436F-9EE8-CBA19E317232}.Release|Any CPU.Build.0 = Release|Any CPU
		{E6C5707D-3FD0-4763-9B45-49DABD66A37C}.Debug|Any CPU.ActiveCfg = Debug|Any CPU
		{E6C5707D-3FD0-4763-9B45-49DABD66A37C}.Debug|Any CPU.Build.0 = Debug|Any CPU
		{E6C5707D-3FD0-4763-9B45-49DABD66A37C}.Release|Any CPU.ActiveCfg = Release|Any CPU
		{E6C5707D-3FD0-4763-9B45-49DABD66A37C}.Release|Any CPU.Build.0 = Release|Any CPU
		{C5A41BEB-A69B-4761-9AF8-097C40AB6454}.Debug|Any CPU.ActiveCfg = Debug|Any CPU
		{C5A41BEB-A69B-4761-9AF8-097C40AB6454}.Debug|Any CPU.Build.0 = Debug|Any CPU
		{C5A41BEB-A69B-4761-9AF8-097C40AB6454}.Release|Any CPU.ActiveCfg = Release|Any CPU
		{C5A41BEB-A69B-4761-9AF8-097C40AB6454}.Release|Any CPU.Build.0 = Release|Any CPU
		{ACBACB87-25D8-40FC-95D6-6AA1E4CEDD44}.Debug|Any CPU.ActiveCfg = Debug|Any CPU
		{ACBACB87-25D8-40FC-95D6-6AA1E4CEDD44}.Debug|Any CPU.Build.0 = Debug|Any CPU
		{ACBACB87-25D8-40FC-95D6-6AA1E4CEDD44}.Release|Any CPU.ActiveCfg = Release|Any CPU
		{ACBACB87-25D8-40FC-95D6-6AA1E4CEDD44}.Release|Any CPU.Build.0 = Release|Any CPU
		{A5BB8A59-2362-4316-B118-84AC3E7077CB}.Debug|Any CPU.ActiveCfg = Debug|Any CPU
		{A5BB8A59-2362-4316-B118-84AC3E7077CB}.Debug|Any CPU.Build.0 = Debug|Any CPU
		{A5BB8A59-2362-4316-B118-84AC3E7077CB}.Release|Any CPU.ActiveCfg = Release|Any CPU
		{A5BB8A59-2362-4316-B118-84AC3E7077CB}.Release|Any CPU.Build.0 = Release|Any CPU
		{77D821EC-8DF7-4452-B0FB-A8A4A3345E9F}.Debug|Any CPU.ActiveCfg = Debug|Any CPU
		{77D821EC-8DF7-4452-B0FB-A8A4A3345E9F}.Debug|Any CPU.Build.0 = Debug|Any CPU
		{77D821EC-8DF7-4452-B0FB-A8A4A3345E9F}.Release|Any CPU.ActiveCfg = Release|Any CPU
		{77D821EC-8DF7-4452-B0FB-A8A4A3345E9F}.Release|Any CPU.Build.0 = Release|Any CPU
		{A4E85E5D-056F-4EEC-BB10-D36FD1F1CBBC}.Debug|Any CPU.ActiveCfg = Debug|Any CPU
		{A4E85E5D-056F-4EEC-BB10-D36FD1F1CBBC}.Debug|Any CPU.Build.0 = Debug|Any CPU
		{A4E85E5D-056F-4EEC-BB10-D36FD1F1CBBC}.Release|Any CPU.ActiveCfg = Release|Any CPU
		{A4E85E5D-056F-4EEC-BB10-D36FD1F1CBBC}.Release|Any CPU.Build.0 = Release|Any CPU
		{6D8922CC-AB73-4E7E-8C2D-AB103AF3E2B4}.Debug|Any CPU.ActiveCfg = Debug|Any CPU
		{6D8922CC-AB73-4E7E-8C2D-AB103AF3E2B4}.Debug|Any CPU.Build.0 = Debug|Any CPU
		{6D8922CC-AB73-4E7E-8C2D-AB103AF3E2B4}.Release|Any CPU.ActiveCfg = Release|Any CPU
		{6D8922CC-AB73-4E7E-8C2D-AB103AF3E2B4}.Release|Any CPU.Build.0 = Release|Any CPU
		{22C650F5-C502-4693-A880-F05FFF75657B}.Debug|Any CPU.ActiveCfg = Debug|Any CPU
		{22C650F5-C502-4693-A880-F05FFF75657B}.Debug|Any CPU.Build.0 = Debug|Any CPU
		{22C650F5-C502-4693-A880-F05FFF75657B}.Release|Any CPU.ActiveCfg = Release|Any CPU
		{22C650F5-C502-4693-A880-F05FFF75657B}.Release|Any CPU.Build.0 = Release|Any CPU
		{E41B3BAB-B8F4-4A77-A7CC-E44978466394}.Debug|Any CPU.ActiveCfg = Debug|Any CPU
		{E41B3BAB-B8F4-4A77-A7CC-E44978466394}.Debug|Any CPU.Build.0 = Debug|Any CPU
		{E41B3BAB-B8F4-4A77-A7CC-E44978466394}.Release|Any CPU.ActiveCfg = Release|Any CPU
		{E41B3BAB-B8F4-4A77-A7CC-E44978466394}.Release|Any CPU.Build.0 = Release|Any CPU
		{737E9FA4-A9EE-4DF2-9124-1886DAE526F5}.Debug|Any CPU.ActiveCfg = Debug|Any CPU
		{737E9FA4-A9EE-4DF2-9124-1886DAE526F5}.Debug|Any CPU.Build.0 = Debug|Any CPU
		{737E9FA4-A9EE-4DF2-9124-1886DAE526F5}.Release|Any CPU.ActiveCfg = Release|Any CPU
		{737E9FA4-A9EE-4DF2-9124-1886DAE526F5}.Release|Any CPU.Build.0 = Release|Any CPU
	EndGlobalSection
	GlobalSection(SolutionProperties) = preSolution
		HideSolutionNode = FALSE
	EndGlobalSection
	GlobalSection(NestedProjects) = preSolution
		{37525AA5-1C22-4630-9745-D3337B556E1D} = {02EA681E-C7D8-13C7-8484-4AC65E1B71E8}
		{866A5C70-1A7D-45E9-820F-D3596E5CA458} = {37525AA5-1C22-4630-9745-D3337B556E1D}
		{41B08476-086A-4074-BB5F-269B402C74A2} = {37525AA5-1C22-4630-9745-D3337B556E1D}
		{0C6E4C4A-559A-49B9-802E-86EA0A7CB8E2} = {37525AA5-1C22-4630-9745-D3337B556E1D}
		{41070338-54D7-436F-9EE8-CBA19E317232} = {37525AA5-1C22-4630-9745-D3337B556E1D}
		{5E365126-A200-40F0-8F8E-D7393B43A38C} = {02EA681E-C7D8-13C7-8484-4AC65E1B71E8}
		{E6C5707D-3FD0-4763-9B45-49DABD66A37C} = {5E365126-A200-40F0-8F8E-D7393B43A38C}
		{C5A41BEB-A69B-4761-9AF8-097C40AB6454} = {5E365126-A200-40F0-8F8E-D7393B43A38C}
		{ACBACB87-25D8-40FC-95D6-6AA1E4CEDD44} = {5E365126-A200-40F0-8F8E-D7393B43A38C}
		{A5BB8A59-2362-4316-B118-84AC3E7077CB} = {5E365126-A200-40F0-8F8E-D7393B43A38C}
		{C4CF7948-5400-48D2-B1EC-22ECB7079D34} = {02EA681E-C7D8-13C7-8484-4AC65E1B71E8}
		{77D821EC-8DF7-4452-B0FB-A8A4A3345E9F} = {C4CF7948-5400-48D2-B1EC-22ECB7079D34}
		{A4E85E5D-056F-4EEC-BB10-D36FD1F1CBBC} = {C4CF7948-5400-48D2-B1EC-22ECB7079D34}
		{6D8922CC-AB73-4E7E-8C2D-AB103AF3E2B4} = {02EA681E-C7D8-13C7-8484-4AC65E1B71E8}
		{22C650F5-C502-4693-A880-F05FFF75657B} = {02EA681E-C7D8-13C7-8484-4AC65E1B71E8}
		{E41B3BAB-B8F4-4A77-A7CC-E44978466394} = {6A9FA9C3-0F8B-4F62-94E1-524AE39B5947}
		{737E9FA4-A9EE-4DF2-9124-1886DAE526F5} = {6A9FA9C3-0F8B-4F62-94E1-524AE39B5947}
	EndGlobalSection
	GlobalSection(ExtensibilityGlobals) = postSolution
		SolutionGuid = {2AEB9630-7BFB-4084-8E38-16C807A9931B}
	EndGlobalSection
EndGlobal
